{
	"name": "ms-starter",
	"version": "1.0.3",
	"lockfileVersion": 1,
	"requires": true,
	"dependencies": {
		"@types/commander": {
			"version": "2.12.2",
			"resolved": "https://registry.npmjs.org/@types/commander/-/commander-2.12.2.tgz",
			"integrity": "sha512-0QEFiR8ljcHp9bAbWxecjVRuAMr16ivPiGOw6KFQBVrVd0RQIcM3xKdRisH2EDWgVWujiYtHwhSkSUoAAGzH7Q==",
			"dev": true,
			"requires": {
				"commander": "*"
			}
		},
		"@types/mz": {
			"version": "0.0.32",
			"resolved": "https://registry.npmjs.org/@types/mz/-/mz-0.0.32.tgz",
			"integrity": "sha512-cy3yebKhrHuOcrJGkfwNHhpTXQLgmXSv1BX+4p32j+VUQ6aP2eJ5cL7OvGcAQx75fCTFaAIIAKewvqL+iwSd4g==",
			"dev": true,
			"requires": {
				"@types/node": "*"
			}
		},
		"@types/node": {
			"version": "10.12.18",
			"resolved": "https://registry.npmjs.org/@types/node/-/node-10.12.18.tgz",
			"integrity": "sha512-fh+pAqt4xRzPfqA6eh3Z2y6fyZavRIumvjhaCL753+TVkGKGhpPeyrJG2JftD0T9q4GF00KjefsQ+PQNDdWQaQ==",
			"dev": true
		},
		"any-promise": {
			"version": "1.3.0",
			"resolved": "https://registry.npmjs.org/any-promise/-/any-promise-1.3.0.tgz",
			"integrity": "sha1-q8av7tzqUugJzcA3au0845Y10X8="
		},
		"commander": {
			"version": "2.19.0",
			"resolved": "https://registry.npmjs.org/commander/-/commander-2.19.0.tgz",
			"integrity": "sha512-6tvAOO+D6OENvRAh524Dh9jcfKTYDQAqvqezbCW82xj5X0pSrcpxtvRKHLG0yBY6SD7PSDrJaj+0AiOcKVd1Xg=="
		},
		"mz": {
			"version": "2.7.0",
			"resolved": "https://registry.npmjs.org/mz/-/mz-2.7.0.tgz",
			"integrity": "sha512-z81GNO7nnYMEhrGh9LeymoE4+Yr0Wn5McHIZMK5cfQCl+NDX08sCZgUc9/6MHni9IWuFLm1Z3HTCXu2z9fN62Q==",
			"requires": {
				"any-promise": "^1.0.0",
				"object-assign": "^4.0.1",
				"thenify-all": "^1.0.0"
			}
		},
		"object-assign": {
			"version": "4.1.1",
			"resolved": "https://registry.npmjs.org/object-assign/-/object-assign-4.1.1.tgz",
			"integrity": "sha1-IQmtx5ZYh8/AXLvUQsrIv7s2CGM="
		},
		"thenify": {
			"version": "3.3.0",
			"resolved": "https://registry.npmjs.org/thenify/-/thenify-3.3.0.tgz",
			"integrity": "sha1-5p44obq+lpsBCCB5eLn2K4hgSDk=",
			"requires": {
				"any-promise": "^1.0.0"
			}
		},
		"thenify-all": {
			"version": "1.6.0",
			"resolved": "https://registry.npmjs.org/thenify-all/-/thenify-all-1.6.0.tgz",
			"integrity": "sha1-GhkY1ALY/D+Y+/I02wvMjMEOlyY=",
			"requires": {
				"thenify": ">= 3.1.0 < 4"
			}
		},
		"typescript": {
			"version": "3.2.2",
			"resolved": "https://registry.npmjs.org/typescript/-/typescript-3.2.2.tgz",
			"integrity": "sha512-VCj5UiSyHBjwfYacmDuc/NOk4QQixbE+Wn7MFJuS0nRuPQbof132Pw4u53dm264O8LPc2MVsc7RJNml5szurkg==",
			"dev": true
		}
	}
}
